
Microsoft Visual Studio Solution File, Format Version 12.00
# Visual Studio Version 17
VisualStudioVersion = 17.10.35027.167
MinimumVisualStudioVersion = 10.0.40219.1
Project("{FAE04EC0-301F-11D3-BF4B-00C04F79EFBC}") = "Funcoes-Sintaxe-Maior", "Funcoes-Sintaxe-Maior\Funcoes-Sintaxe-Maior.csproj", "{661ECB22-0B79-4576-8AE0-7E20BA024474}"
EndProject
Global
	GlobalSection(SolutionConfigurationPlatforms) = preSolution
		Debug|Any CPU = Debug|Any CPU
		Release|Any CPU = Release|Any CPU
	EndGlobalSection
	GlobalSection(ProjectConfigurationPlatforms) = postSolution
		{661ECB22-0B79-4576-8AE0-7E20BA024474}.Debug|Any CPU.ActiveCfg = Debug|Any CPU
		{661ECB22-0B79-4576-8AE0-7E20BA024474}.Debug|Any CPU.Build.0 = Debug|Any CPU
		{661ECB22-0B79-4576-8AE0-7E20BA024474}.Release|Any CPU.ActiveCfg = Release|Any CPU
		{661ECB22-0B79-4576-8AE0-7E20BA024474}.Release|Any CPU.Build.0 = Release|Any CPU
	EndGlobalSection
	GlobalSection(SolutionProperties) = preSolution
		HideSolutionNode = FALSE
	EndGlobalSection
	GlobalSection(ExtensibilityGlobals) = postSolution
		SolutionGuid = {9E764D45-E57B-43D7-A351-8C924281553B}
	EndGlobalSection
EndGlobal
